
Microsoft Visual Studio Solution File, Format Version 12.00
# Visual Studio 2012
Project("{FAE04EC0-301F-11D3-BF4B-00C04F79EFBC}") = "ViewEnginePlus.Demo", "ViewEnginePlus.Demo\ViewEnginePlus.Demo.csproj", "{3D18D1B0-8F50-48B2-B27F-8E904A60CEFB}"
EndProject
Global
	GlobalSection(SolutionConfigurationPlatforms) = preSolution
		Debug|Any CPU = Debug|Any CPU
		Release|Any CPU = Release|Any CPU
	EndGlobalSection
	GlobalSection(ProjectConfigurationPlatforms) = postSolution
		{3D18D1B0-8F50-48B2-B27F-8E904A60CEFB}.Debug|Any CPU.ActiveCfg = Debug|Any CPU
		{3D18D1B0-8F50-48B2-B27F-8E904A60CEFB}.Debug|Any CPU.Build.0 = Debug|Any CPU
		{3D18D1B0-8F50-48B2-B27F-8E904A60CEFB}.Release|Any CPU.ActiveCfg = Release|Any CPU
		{3D18D1B0-8F50-48B2-B27F-8E904A60CEFB}.Release|Any CPU.Build.0 = Release|Any CPU
	EndGlobalSection
	GlobalSection(SolutionProperties) = preSolution
		HideSolutionNode = FALSE
	EndGlobalSection
EndGlobal
